// !$*UTF8*$!
{
	archiveVersion = 1;
	classes = {
	};
	objectVersion = 56;
	objects = {

/* Begin PBXBuildFile section */
		913F6F942C2ED9D20045372D /* WeatherRowView.swift in Sources */ = {isa = PBXBuildFile; fileRef = 913F6F932C2ED9D20045372D /* WeatherRowView.swift */; };
		913F6F962C2EDFC00045372D /* sun.json in Resources */ = {isa = PBXBuildFile; fileRef = 913F6F952C2EDFC00045372D /* sun.json */; };
		913F6F982C2EE05A0045372D /* rain.json in Resources */ = {isa = PBXBuildFile; fileRef = 913F6F972C2EE05A0045372D /* rain.json */; };
		91C805682C1F5CED000C9CF9 /* SafeArea.swift in Sources */ = {isa = PBXBuildFile; fileRef = 91C805672C1F5CED000C9CF9 /* SafeArea.swift */; };
		91C8056A2C1F61D4000C9CF9 /* Place.swift in Sources */ = {isa = PBXBuildFile; fileRef = 91C805692C1F61D4000C9CF9 /* Place.swift */; };
		91C8056C2C1F8B1D000C9CF9 /* UserDefaults+Utils.swift in Sources */ = {isa = PBXBuildFile; fileRef = 91C8056B2C1F8B1D000C9CF9 /* UserDefaults+Utils.swift */; };
		91C8056E2C1F9662000C9CF9 /* FavoritesView.swift in Sources */ = {isa = PBXBuildFile; fileRef = 91C8056D2C1F9662000C9CF9 /* FavoritesView.swift */; };
		91D4E1522C1C596500B975CA /* PointOfInterest.swift in Sources */ = {isa = PBXBuildFile; fileRef = 91D4E1512C1C596500B975CA /* PointOfInterest.swift */; };
		91D4E1542C1C6AF900B975CA /* Publishers+Utils.swift in Sources */ = {isa = PBXBuildFile; fileRef = 91D4E1532C1C6AF900B975CA /* Publishers+Utils.swift */; };
		91DD08152C2044200057E998 /* SunRain.json in Resources */ = {isa = PBXBuildFile; fileRef = 91DD08142C20441F0057E998 /* SunRain.json */; };
		91DD08182C2045DD0057E998 /* WeatherDetail.swift in Sources */ = {isa = PBXBuildFile; fileRef = 91DD08172C2045DD0057E998 /* WeatherDetail.swift */; };
		91E02B4C2C20151D00968775 /* ApiCall.swift in Sources */ = {isa = PBXBuildFile; fileRef = 91E02B4B2C20151D00968775 /* ApiCall.swift */; };
		91E02B4E2C20152E00968775 /* WebRepository.swift in Sources */ = {isa = PBXBuildFile; fileRef = 91E02B4D2C20152E00968775 /* WebRepository.swift */; };
		91E02B512C20158400968775 /* DepdencyInjector.swift in Sources */ = {isa = PBXBuildFile; fileRef = 91E02B502C20158400968775 /* DepdencyInjector.swift */; };
		91E02B532C20158C00968775 /* Dependencies.swift in Sources */ = {isa = PBXBuildFile; fileRef = 91E02B522C20158C00968775 /* Dependencies.swift */; };
		91E02B582C20162A00968775 /* HomeView.swift in Sources */ = {isa = PBXBuildFile; fileRef = 91E02B572C20162A00968775 /* HomeView.swift */; };
		91E02B5B2C20167100968775 /* LocationManager.swift in Sources */ = {isa = PBXBuildFile; fileRef = 91E02B5A2C20167100968775 /* LocationManager.swift */; };
		91E02B622C20174E00968775 /* Weather.swift in Sources */ = {isa = PBXBuildFile; fileRef = 91E02B612C20174E00968775 /* Weather.swift */; };
		91E02B652C20179600968775 /* Lottie in Frameworks */ = {isa = PBXBuildFile; productRef = 91E02B642C20179600968775 /* Lottie */; };
		91E02B682C2017E800968775 /* Constants.swift in Sources */ = {isa = PBXBuildFile; fileRef = 91E02B672C2017E800968775 /* Constants.swift */; };
		91E02B6B2C20190000968775 /* OpenWeatherWebRepository.swift in Sources */ = {isa = PBXBuildFile; fileRef = 91E02B6A2C20190000968775 /* OpenWeatherWebRepository.swift */; };
		91E02B6E2C201F5300968775 /* OpenMeteoSdk in Frameworks */ = {isa = PBXBuildFile; productRef = 91E02B6D2C201F5300968775 /* OpenMeteoSdk */; };
		91E02B702C20225000968775 /* AppDelegate.swift in Sources */ = {isa = PBXBuildFile; fileRef = 91E02B6F2C20225000968775 /* AppDelegate.swift */; };
		91E02B722C2022B100968775 /* WeatherManager.swift in Sources */ = {isa = PBXBuildFile; fileRef = 91E02B712C2022B100968775 /* WeatherManager.swift */; };
		91E02B782C20275B00968775 /* world.json in Resources */ = {isa = PBXBuildFile; fileRef = 91E02B762C20275B00968775 /* world.json */; };
		91E02B7B2C2027B700968775 /* SplashScreenInteractor.swift in Sources */ = {isa = PBXBuildFile; fileRef = 91E02B7A2C2027B700968775 /* SplashScreenInteractor.swift */; };
		91E02B7E2C2027C600968775 /* SplashScreenVM.swift in Sources */ = {isa = PBXBuildFile; fileRef = 91E02B7D2C2027C600968775 /* SplashScreenVM.swift */; };
		91E02B802C2027CE00968775 /* SplashScreenView.swift in Sources */ = {isa = PBXBuildFile; fileRef = 91E02B7F2C2027CE00968775 /* SplashScreenView.swift */; };
		91E02B822C20293D00968775 /* plane.json in Resources */ = {isa = PBXBuildFile; fileRef = 91E02B812C20293D00968775 /* plane.json */; };
		91E02B852C20294D00968775 /* LoadingView.swift in Sources */ = {isa = PBXBuildFile; fileRef = 91E02B842C20294D00968775 /* LoadingView.swift */; };
		91E02B872C202A9200968775 /* DateTimerManager.swift in Sources */ = {isa = PBXBuildFile; fileRef = 91E02B862C202A9200968775 /* DateTimerManager.swift */; };
		91FDE6142C1B3CBB00FC725D /* MapFinderApp.swift in Sources */ = {isa = PBXBuildFile; fileRef = 91FDE6132C1B3CBB00FC725D /* MapFinderApp.swift */; };
		91FDE6182C1B3CBC00FC725D /* Assets.xcassets in Resources */ = {isa = PBXBuildFile; fileRef = 91FDE6172C1B3CBC00FC725D /* Assets.xcassets */; };
		91FDE61B2C1B3CBC00FC725D /* Preview Assets.xcassets in Resources */ = {isa = PBXBuildFile; fileRef = 91FDE61A2C1B3CBC00FC725D /* Preview Assets.xcassets */; };
		91FDE6272C1B440500FC725D /* MapView.swift in Sources */ = {isa = PBXBuildFile; fileRef = 91FDE6262C1B440500FC725D /* MapView.swift */; };
		91FDE62C2C1B579800FC725D /* SearchRowView.swift in Sources */ = {isa = PBXBuildFile; fileRef = 91FDE62B2C1B579800FC725D /* SearchRowView.swift */; };
		91FDE62F2C1B581900FC725D /* CLPlacemark+Utils.swift in Sources */ = {isa = PBXBuildFile; fileRef = 91FDE62E2C1B581900FC725D /* CLPlacemark+Utils.swift */; };
/* End PBXBuildFile section */

/* Begin PBXFileReference section */
		913F6F932C2ED9D20045372D /* WeatherRowView.swift */ = {isa = PBXFileReference; lastKnownFileType = sourcecode.swift; path = WeatherRowView.swift; sourceTree = "<group>"; };
		913F6F952C2EDFC00045372D /* sun.json */ = {isa = PBXFileReference; fileEncoding = 4; lastKnownFileType = text.json; path = sun.json; sourceTree = "<group>"; };
		913F6F972C2EE05A0045372D /* rain.json */ = {isa = PBXFileReference; fileEncoding = 4; lastKnownFileType = text.json; path = rain.json; sourceTree = "<group>"; };
		91C805672C1F5CED000C9CF9 /* SafeArea.swift */ = {isa = PBXFileReference; lastKnownFileType = sourcecode.swift; path = SafeArea.swift; sourceTree = "<group>"; };
		91C805692C1F61D4000C9CF9 /* Place.swift */ = {isa = PBXFileReference; lastKnownFileType = sourcecode.swift; path = Place.swift; sourceTree = "<group>"; };
		91C8056B2C1F8B1D000C9CF9 /* UserDefaults+Utils.swift */ = {isa = PBXFileReference; lastKnownFileType = sourcecode.swift; path = "UserDefaults+Utils.swift"; sourceTree = "<group>"; };
		91C8056D2C1F9662000C9CF9 /* FavoritesView.swift */ = {isa = PBXFileReference; lastKnownFileType = sourcecode.swift; path = FavoritesView.swift; sourceTree = "<group>"; };
		91D4E1512C1C596500B975CA /* PointOfInterest.swift */ = {isa = PBXFileReference; lastKnownFileType = sourcecode.swift; path = PointOfInterest.swift; sourceTree = "<group>"; };
		91D4E1532C1C6AF900B975CA /* Publishers+Utils.swift */ = {isa = PBXFileReference; lastKnownFileType = sourcecode.swift; path = "Publishers+Utils.swift"; sourceTree = "<group>"; };
		91DD08142C20441F0057E998 /* SunRain.json */ = {isa = PBXFileReference; fileEncoding = 4; lastKnownFileType = text.json; path = SunRain.json; sourceTree = "<group>"; };
		91DD08172C2045DD0057E998 /* WeatherDetail.swift */ = {isa = PBXFileReference; lastKnownFileType = sourcecode.swift; path = WeatherDetail.swift; sourceTree = "<group>"; };
		91E02B4B2C20151D00968775 /* ApiCall.swift */ = {isa = PBXFileReference; lastKnownFileType = sourcecode.swift; path = ApiCall.swift; sourceTree = "<group>"; };
		91E02B4D2C20152E00968775 /* WebRepository.swift */ = {isa = PBXFileReference; lastKnownFileType = sourcecode.swift; path = WebRepository.swift; sourceTree = "<group>"; };
		91E02B502C20158400968775 /* DepdencyInjector.swift */ = {isa = PBXFileReference; lastKnownFileType = sourcecode.swift; path = DepdencyInjector.swift; sourceTree = "<group>"; };
		91E02B522C20158C00968775 /* Dependencies.swift */ = {isa = PBXFileReference; lastKnownFileType = sourcecode.swift; path = Dependencies.swift; sourceTree = "<group>"; };
		91E02B572C20162A00968775 /* HomeView.swift */ = {isa = PBXFileReference; lastKnownFileType = sourcecode.swift; path = HomeView.swift; sourceTree = "<group>"; };
		91E02B5A2C20167100968775 /* LocationManager.swift */ = {isa = PBXFileReference; lastKnownFileType = sourcecode.swift; path = LocationManager.swift; sourceTree = "<group>"; };
		91E02B612C20174E00968775 /* Weather.swift */ = {isa = PBXFileReference; lastKnownFileType = sourcecode.swift; path = Weather.swift; sourceTree = "<group>"; };
		91E02B672C2017E800968775 /* Constants.swift */ = {isa = PBXFileReference; lastKnownFileType = sourcecode.swift; path = Constants.swift; sourceTree = "<group>"; };
		91E02B6A2C20190000968775 /* OpenWeatherWebRepository.swift */ = {isa = PBXFileReference; lastKnownFileType = sourcecode.swift; path = OpenWeatherWebRepository.swift; sourceTree = "<group>"; };
		91E02B6F2C20225000968775 /* AppDelegate.swift */ = {isa = PBXFileReference; lastKnownFileType = sourcecode.swift; path = AppDelegate.swift; sourceTree = "<group>"; };
		91E02B712C2022B100968775 /* WeatherManager.swift */ = {isa = PBXFileReference; lastKnownFileType = sourcecode.swift; path = WeatherManager.swift; sourceTree = "<group>"; };
		91E02B762C20275B00968775 /* world.json */ = {isa = PBXFileReference; fileEncoding = 4; lastKnownFileType = text.json; path = world.json; sourceTree = "<group>"; };
		91E02B7A2C2027B700968775 /* SplashScreenInteractor.swift */ = {isa = PBXFileReference; lastKnownFileType = sourcecode.swift; path = SplashScreenInteractor.swift; sourceTree = "<group>"; };
		91E02B7D2C2027C600968775 /* SplashScreenVM.swift */ = {isa = PBXFileReference; lastKnownFileType = sourcecode.swift; path = SplashScreenVM.swift; sourceTree = "<group>"; };
		91E02B7F2C2027CE00968775 /* SplashScreenView.swift */ = {isa = PBXFileReference; lastKnownFileType = sourcecode.swift; path = SplashScreenView.swift; sourceTree = "<group>"; };
		91E02B812C20293D00968775 /* plane.json */ = {isa = PBXFileReference; fileEncoding = 4; lastKnownFileType = text.json; path = plane.json; sourceTree = "<group>"; };
		91E02B842C20294D00968775 /* LoadingView.swift */ = {isa = PBXFileReference; lastKnownFileType = sourcecode.swift; path = LoadingView.swift; sourceTree = "<group>"; };
		91E02B862C202A9200968775 /* DateTimerManager.swift */ = {isa = PBXFileReference; lastKnownFileType = sourcecode.swift; path = DateTimerManager.swift; sourceTree = "<group>"; };
		91FDE6102C1B3CBB00FC725D /* MapFinder.app */ = {isa = PBXFileReference; explicitFileType = wrapper.application; includeInIndex = 0; path = MapFinder.app; sourceTree = BUILT_PRODUCTS_DIR; };
		91FDE6132C1B3CBB00FC725D /* MapFinderApp.swift */ = {isa = PBXFileReference; lastKnownFileType = sourcecode.swift; path = MapFinderApp.swift; sourceTree = "<group>"; };
		91FDE6172C1B3CBC00FC725D /* Assets.xcassets */ = {isa = PBXFileReference; lastKnownFileType = folder.assetcatalog; path = Assets.xcassets; sourceTree = "<group>"; };
		91FDE61A2C1B3CBC00FC725D /* Preview Assets.xcassets */ = {isa = PBXFileReference; lastKnownFileType = folder.assetcatalog; path = "Preview Assets.xcassets"; sourceTree = "<group>"; };
		91FDE6242C1B3EC600FC725D /* Info.plist */ = {isa = PBXFileReference; lastKnownFileType = text.plist; path = Info.plist; sourceTree = "<group>"; };
		91FDE6262C1B440500FC725D /* MapView.swift */ = {isa = PBXFileReference; lastKnownFileType = sourcecode.swift; path = MapView.swift; sourceTree = "<group>"; };
		91FDE62B2C1B579800FC725D /* SearchRowView.swift */ = {isa = PBXFileReference; lastKnownFileType = sourcecode.swift; path = SearchRowView.swift; sourceTree = "<group>"; };
		91FDE62E2C1B581900FC725D /* CLPlacemark+Utils.swift */ = {isa = PBXFileReference; lastKnownFileType = sourcecode.swift; path = "CLPlacemark+Utils.swift"; sourceTree = "<group>"; };
/* End PBXFileReference section */

/* Begin PBXFrameworksBuildPhase section */
		91FDE60D2C1B3CBB00FC725D /* Frameworks */ = {
			isa = PBXFrameworksBuildPhase;
			buildActionMask = 2147483647;
			files = (
				91E02B6E2C201F5300968775 /* OpenMeteoSdk in Frameworks */,
				91E02B652C20179600968775 /* Lottie in Frameworks */,
			);
			runOnlyForDeploymentPostprocessing = 0;
		};
/* End PBXFrameworksBuildPhase section */

/* Begin PBXGroup section */
		91C805662C1F5CE2000C9CF9 /* Utils */ = {
			isa = PBXGroup;
			children = (
				91C805672C1F5CED000C9CF9 /* SafeArea.swift */,
				91E02B672C2017E800968775 /* Constants.swift */,
			);
			path = Utils;
			sourceTree = "<group>";
		};
		91D4E1502C1C595C00B975CA /* Model */ = {
			isa = PBXGroup;
			children = (
				91E02B602C20173B00968775 /* Weather */,
				91E02B5D2C20172400968775 /* Place */,
				91E02B5C2C20171C00968775 /* PointOfInterest */,
			);
			path = Model;
			sourceTree = "<group>";
		};
		91DD08162C2045CC0057E998 /* WeatherDetail */ = {
			isa = PBXGroup;
			children = (
				91DD08172C2045DD0057E998 /* WeatherDetail.swift */,
				913F6F932C2ED9D20045372D /* WeatherRowView.swift */,
			);
			path = WeatherDetail;
			sourceTree = "<group>";
		};
		91E02B4A2C20150200968775 /* Networking */ = {
			isa = PBXGroup;
			children = (
				91E02B4B2C20151D00968775 /* ApiCall.swift */,
				91E02B4D2C20152E00968775 /* WebRepository.swift */,
			);
			path = Networking;
			sourceTree = "<group>";
		};
		91E02B4F2C20156C00968775 /* DependencyInjection */ = {
			isa = PBXGroup;
			children = (
				91E02B502C20158400968775 /* DepdencyInjector.swift */,
				91E02B522C20158C00968775 /* Dependencies.swift */,
			);
			path = DependencyInjection;
			sourceTree = "<group>";
		};
		91E02B542C2015F200968775 /* HomeView */ = {
			isa = PBXGroup;
			children = (
				91E02B572C20162A00968775 /* HomeView.swift */,
			);
			path = HomeView;
			sourceTree = "<group>";
		};
		91E02B552C2015FA00968775 /* SearchRowView */ = {
			isa = PBXGroup;
			children = (
				91FDE62B2C1B579800FC725D /* SearchRowView.swift */,
			);
			path = SearchRowView;
			sourceTree = "<group>";
		};
		91E02B562C20160800968775 /* FavoritesView */ = {
			isa = PBXGroup;
			children = (
				91C8056D2C1F9662000C9CF9 /* FavoritesView.swift */,
			);
			path = FavoritesView;
			sourceTree = "<group>";
		};
		91E02B592C20166000968775 /* Managers */ = {
			isa = PBXGroup;
			children = (
				91E02B5A2C20167100968775 /* LocationManager.swift */,
				91E02B712C2022B100968775 /* WeatherManager.swift */,
				91E02B862C202A9200968775 /* DateTimerManager.swift */,
			);
			path = Managers;
			sourceTree = "<group>";
		};
		91E02B5C2C20171C00968775 /* PointOfInterest */ = {
			isa = PBXGroup;
			children = (
				91D4E1512C1C596500B975CA /* PointOfInterest.swift */,
			);
			path = PointOfInterest;
			sourceTree = "<group>";
		};
		91E02B5D2C20172400968775 /* Place */ = {
			isa = PBXGroup;
			children = (
				91C805692C1F61D4000C9CF9 /* Place.swift */,
			);
			path = Place;
			sourceTree = "<group>";
		};
		91E02B602C20173B00968775 /* Weather */ = {
			isa = PBXGroup;
			children = (
				91E02B612C20174E00968775 /* Weather.swift */,
			);
			path = Weather;
			sourceTree = "<group>";
		};
		91E02B692C2018E900968775 /* WebRepositories */ = {
			isa = PBXGroup;
			children = (
				91E02B6A2C20190000968775 /* OpenWeatherWebRepository.swift */,
			);
			path = WebRepositories;
			sourceTree = "<group>";
		};
		91E02B732C2026DC00968775 /* Lotties */ = {
			isa = PBXGroup;
			children = (
				913F6F972C2EE05A0045372D /* rain.json */,
				913F6F952C2EDFC00045372D /* sun.json */,
				91DD08142C20441F0057E998 /* SunRain.json */,
				91E02B812C20293D00968775 /* plane.json */,
				91E02B762C20275B00968775 /* world.json */,
			);
			path = Lotties;
			sourceTree = "<group>";
		};
		91E02B792C20276A00968775 /* SplashScreen */ = {
			isa = PBXGroup;
			children = (
				91E02B7A2C2027B700968775 /* SplashScreenInteractor.swift */,
				91E02B7D2C2027C600968775 /* SplashScreenVM.swift */,
				91E02B7F2C2027CE00968775 /* SplashScreenView.swift */,
			);
			path = SplashScreen;
			sourceTree = "<group>";
		};
		91E02B832C20294200968775 /* CommonViews */ = {
			isa = PBXGroup;
			children = (
				91E02B842C20294D00968775 /* LoadingView.swift */,
			);
			path = CommonViews;
			sourceTree = "<group>";
		};
		91FDE6072C1B3CBB00FC725D = {
			isa = PBXGroup;
			children = (
				91FDE6122C1B3CBB00FC725D /* MapFinder */,
				91FDE6112C1B3CBB00FC725D /* Products */,
			);
			sourceTree = "<group>";
		};
		91FDE6112C1B3CBB00FC725D /* Products */ = {
			isa = PBXGroup;
			children = (
				91FDE6102C1B3CBB00FC725D /* MapFinder.app */,
			);
			name = Products;
			sourceTree = "<group>";
		};
		91FDE6122C1B3CBB00FC725D /* MapFinder */ = {
			isa = PBXGroup;
			children = (
				91E02B832C20294200968775 /* CommonViews */,
				91E02B732C2026DC00968775 /* Lotties */,
				91FDE6172C1B3CBC00FC725D /* Assets.xcassets */,
				91E02B4F2C20156C00968775 /* DependencyInjection */,
				91FDE62D2C1B580600FC725D /* Extensions */,
				91FDE6242C1B3EC600FC725D /* Info.plist */,
				91E02B592C20166000968775 /* Managers */,
				91FDE6132C1B3CBB00FC725D /* MapFinderApp.swift */,
				91FDE6252C1B43FA00FC725D /* MapView */,
				91D4E1502C1C595C00B975CA /* Model */,
				91E02B4A2C20150200968775 /* Networking */,
				91FDE6192C1B3CBC00FC725D /* Preview Content */,
				91FDE6282C1B45CA00FC725D /* Screens */,
				91C805662C1F5CE2000C9CF9 /* Utils */,
				91E02B692C2018E900968775 /* WebRepositories */,
				91E02B6F2C20225000968775 /* AppDelegate.swift */,
			);
			path = MapFinder;
			sourceTree = "<group>";
		};
		91FDE6192C1B3CBC00FC725D /* Preview Content */ = {
			isa = PBXGroup;
			children = (
				91FDE61A2C1B3CBC00FC725D /* Preview Assets.xcassets */,
			);
			path = "Preview Content";
			sourceTree = "<group>";
		};
		91FDE6252C1B43FA00FC725D /* MapView */ = {
			isa = PBXGroup;
			children = (
				91FDE6262C1B440500FC725D /* MapView.swift */,
			);
			path = MapView;
			sourceTree = "<group>";
		};
		91FDE6282C1B45CA00FC725D /* Screens */ = {
			isa = PBXGroup;
			children = (
				91DD08162C2045CC0057E998 /* WeatherDetail */,
				91E02B792C20276A00968775 /* SplashScreen */,
				91E02B562C20160800968775 /* FavoritesView */,
				91E02B552C2015FA00968775 /* SearchRowView */,
				91E02B542C2015F200968775 /* HomeView */,
			);
			path = Screens;
			sourceTree = "<group>";
		};
		91FDE62D2C1B580600FC725D /* Extensions */ = {
			isa = PBXGroup;
			children = (
				91FDE62E2C1B581900FC725D /* CLPlacemark+Utils.swift */,
				91D4E1532C1C6AF900B975CA /* Publishers+Utils.swift */,
				91C8056B2C1F8B1D000C9CF9 /* UserDefaults+Utils.swift */,
			);
			path = Extensions;
			sourceTree = "<group>";
		};
/* End PBXGroup section */

/* Begin PBXNativeTarget section */
		91FDE60F2C1B3CBB00FC725D /* MapFinder */ = {
			isa = PBXNativeTarget;
			buildConfigurationList = 91FDE61E2C1B3CBC00FC725D /* Build configuration list for PBXNativeTarget "MapFinder" */;
			buildPhases = (
				91FDE60C2C1B3CBB00FC725D /* Sources */,
				91FDE60D2C1B3CBB00FC725D /* Frameworks */,
				91FDE60E2C1B3CBB00FC725D /* Resources */,
			);
			buildRules = (
			);
			dependencies = (
			);
			name = MapFinder;
			packageProductDependencies = (
				91E02B642C20179600968775 /* Lottie */,
				91E02B6D2C201F5300968775 /* OpenMeteoSdk */,
			);
			productName = MapFinder;
			productReference = 91FDE6102C1B3CBB00FC725D /* MapFinder.app */;
			productType = "com.apple.product-type.application";
		};
/* End PBXNativeTarget section */

/* Begin PBXProject section */
		91FDE6082C1B3CBB00FC725D /* Project object */ = {
			isa = PBXProject;
			attributes = {
				BuildIndependentTargetsInParallel = 1;
				LastSwiftUpdateCheck = 1540;
				LastUpgradeCheck = 1540;
				TargetAttributes = {
					91FDE60F2C1B3CBB00FC725D = {
						CreatedOnToolsVersion = 15.4;
					};
				};
			};
			buildConfigurationList = 91FDE60B2C1B3CBB00FC725D /* Build configuration list for PBXProject "MapFinder" */;
			compatibilityVersion = "Xcode 14.0";
			developmentRegion = en;
			hasScannedForEncodings = 0;
			knownRegions = (
				en,
				Base,
			);
			mainGroup = 91FDE6072C1B3CBB00FC725D;
			packageReferences = (
				91E02B632C20179600968775 /* XCRemoteSwiftPackageReference "lottie-spm" */,
				91E02B6C2C201F5300968775 /* XCRemoteSwiftPackageReference "sdk" */,
			);
			productRefGroup = 91FDE6112C1B3CBB00FC725D /* Products */;
			projectDirPath = "";
			projectRoot = "";
			targets = (
				91FDE60F2C1B3CBB00FC725D /* MapFinder */,
			);
		};
/* End PBXProject section */

/* Begin PBXResourcesBuildPhase section */
		91FDE60E2C1B3CBB00FC725D /* Resources */ = {
			isa = PBXResourcesBuildPhase;
			buildActionMask = 2147483647;
			files = (
				91E02B782C20275B00968775 /* world.json in Resources */,
				91DD08152C2044200057E998 /* SunRain.json in Resources */,
				913F6F962C2EDFC00045372D /* sun.json in Resources */,
				91FDE61B2C1B3CBC00FC725D /* Preview Assets.xcassets in Resources */,
				913F6F982C2EE05A0045372D /* rain.json in Resources */,
				91E02B822C20293D00968775 /* plane.json in Resources */,
				91FDE6182C1B3CBC00FC725D /* Assets.xcassets in Resources */,
			);
			runOnlyForDeploymentPostprocessing = 0;
		};
/* End PBXResourcesBuildPhase section */

/* Begin PBXSourcesBuildPhase section */
		91FDE60C2C1B3CBB00FC725D /* Sources */ = {
			isa = PBXSourcesBuildPhase;
			buildActionMask = 2147483647;
			files = (
				91D4E1522C1C596500B975CA /* PointOfInterest.swift in Sources */,
				91E02B622C20174E00968775 /* Weather.swift in Sources */,
				91E02B5B2C20167100968775 /* LocationManager.swift in Sources */,
				91E02B722C2022B100968775 /* WeatherManager.swift in Sources */,
				91E02B7E2C2027C600968775 /* SplashScreenVM.swift in Sources */,
				91FDE6272C1B440500FC725D /* MapView.swift in Sources */,
				91DD08182C2045DD0057E998 /* WeatherDetail.swift in Sources */,
				91FDE6142C1B3CBB00FC725D /* MapFinderApp.swift in Sources */,
				91E02B532C20158C00968775 /* Dependencies.swift in Sources */,
				91E02B582C20162A00968775 /* HomeView.swift in Sources */,
				91C8056C2C1F8B1D000C9CF9 /* UserDefaults+Utils.swift in Sources */,
				91E02B7B2C2027B700968775 /* SplashScreenInteractor.swift in Sources */,
				91E02B702C20225000968775 /* AppDelegate.swift in Sources */,
				91E02B512C20158400968775 /* DepdencyInjector.swift in Sources */,
				91E02B4C2C20151D00968775 /* ApiCall.swift in Sources */,
				91E02B4E2C20152E00968775 /* WebRepository.swift in Sources */,
				91E02B6B2C20190000968775 /* OpenWeatherWebRepository.swift in Sources */,
				91FDE62F2C1B581900FC725D /* CLPlacemark+Utils.swift in Sources */,
				913F6F942C2ED9D20045372D /* WeatherRowView.swift in Sources */,
				91E02B872C202A9200968775 /* DateTimerManager.swift in Sources */,
				91D4E1542C1C6AF900B975CA /* Publishers+Utils.swift in Sources */,
				91E02B852C20294D00968775 /* LoadingView.swift in Sources */,
				91C8056E2C1F9662000C9CF9 /* FavoritesView.swift in Sources */,
				91C805682C1F5CED000C9CF9 /* SafeArea.swift in Sources */,
				91FDE62C2C1B579800FC725D /* SearchRowView.swift in Sources */,
				91C8056A2C1F61D4000C9CF9 /* Place.swift in Sources */,
				91E02B682C2017E800968775 /* Constants.swift in Sources */,
				91E02B802C2027CE00968775 /* SplashScreenView.swift in Sources */,
			);
			runOnlyForDeploymentPostprocessing = 0;
		};
/* End PBXSourcesBuildPhase section */

/* Begin XCBuildConfiguration section */
		91FDE61C2C1B3CBC00FC725D /* Debug */ = {
			isa = XCBuildConfiguration;
			buildSettings = {
				ALWAYS_SEARCH_USER_PATHS = NO;
				ASSETCATALOG_COMPILER_GENERATE_SWIFT_ASSET_SYMBOL_EXTENSIONS = YES;
				CLANG_ANALYZER_NONNULL = YES;
				CLANG_ANALYZER_NUMBER_OBJECT_CONVERSION = YES_AGGRESSIVE;
				CLANG_CXX_LANGUAGE_STANDARD = "gnu++20";
				CLANG_ENABLE_MODULES = YES;
				CLANG_ENABLE_OBJC_ARC = YES;
				CLANG_ENABLE_OBJC_WEAK = YES;
				CLANG_WARN_BLOCK_CAPTURE_AUTORELEASING = YES;
				CLANG_WARN_BOOL_CONVERSION = YES;
				CLANG_WARN_COMMA = YES;
				CLANG_WARN_CONSTANT_CONVERSION = YES;
				CLANG_WARN_DEPRECATED_OBJC_IMPLEMENTATIONS = YES;
				CLANG_WARN_DIRECT_OBJC_ISA_USAGE = YES_ERROR;
				CLANG_WARN_DOCUMENTATION_COMMENTS = YES;
				CLANG_WARN_EMPTY_BODY = YES;
				CLANG_WARN_ENUM_CONVERSION = YES;
				CLANG_WARN_INFINITE_RECURSION = YES;
				CLANG_WARN_INT_CONVERSION = YES;
				CLANG_WARN_NON_LITERAL_NULL_CONVERSION = YES;
				CLANG_WARN_OBJC_IMPLICIT_RETAIN_SELF = YES;
				CLANG_WARN_OBJC_LITERAL_CONVERSION = YES;
				CLANG_WARN_OBJC_ROOT_CLASS = YES_ERROR;
				CLANG_WARN_QUOTED_INCLUDE_IN_FRAMEWORK_HEADER = YES;
				CLANG_WARN_RANGE_LOOP_ANALYSIS = YES;
				CLANG_WARN_STRICT_PROTOTYPES = YES;
				CLANG_WARN_SUSPICIOUS_MOVE = YES;
				CLANG_WARN_UNGUARDED_AVAILABILITY = YES_AGGRESSIVE;
				CLANG_WARN_UNREACHABLE_CODE = YES;
				CLANG_WARN__DUPLICATE_METHOD_MATCH = YES;
				COPY_PHASE_STRIP = NO;
				DEBUG_INFORMATION_FORMAT = dwarf;
				ENABLE_STRICT_OBJC_MSGSEND = YES;
				ENABLE_TESTABILITY = YES;
				ENABLE_USER_SCRIPT_SANDBOXING = YES;
				GCC_C_LANGUAGE_STANDARD = gnu17;
				GCC_DYNAMIC_NO_PIC = NO;
				GCC_NO_COMMON_BLOCKS = YES;
				GCC_OPTIMIZATION_LEVEL = 0;
				GCC_PREPROCESSOR_DEFINITIONS = (
					"DEBUG=1",
					"$(inherited)",
				);
				GCC_WARN_64_TO_32_BIT_CONVERSION = YES;
				GCC_WARN_ABOUT_RETURN_TYPE = YES_ERROR;
				GCC_WARN_UNDECLARED_SELECTOR = YES;
				GCC_WARN_UNINITIALIZED_AUTOS = YES_AGGRESSIVE;
				GCC_WARN_UNUSED_FUNCTION = YES;
				GCC_WARN_UNUSED_VARIABLE = YES;
				IPHONEOS_DEPLOYMENT_TARGET = 17.5;
				LOCALIZATION_PREFERS_STRING_CATALOGS = YES;
				MTL_ENABLE_DEBUG_INFO = INCLUDE_SOURCE;
				MTL_FAST_MATH = YES;
				ONLY_ACTIVE_ARCH = YES;
				SDKROOT = iphoneos;
				SWIFT_ACTIVE_COMPILATION_CONDITIONS = "DEBUG $(inherited)";
				SWIFT_OPTIMIZATION_LEVEL = "-Onone";
			};
			name = Debug;
		};
		91FDE61D2C1B3CBC00FC725D /* Release */ = {
			isa = XCBuildConfiguration;
			buildSettings = {
				ALWAYS_SEARCH_USER_PATHS = NO;
				ASSETCATALOG_COMPILER_GENERATE_SWIFT_ASSET_SYMBOL_EXTENSIONS = YES;
				CLANG_ANALYZER_NONNULL = YES;
				CLANG_ANALYZER_NUMBER_OBJECT_CONVERSION = YES_AGGRESSIVE;
				CLANG_CXX_LANGUAGE_STANDARD = "gnu++20";
				CLANG_ENABLE_MODULES = YES;
				CLANG_ENABLE_OBJC_ARC = YES;
				CLANG_ENABLE_OBJC_WEAK = YES;
				CLANG_WARN_BLOCK_CAPTURE_AUTORELEASING = YES;
				CLANG_WARN_BOOL_CONVERSION = YES;
				CLANG_WARN_COMMA = YES;
				CLANG_WARN_CONSTANT_CONVERSION = YES;
				CLANG_WARN_DEPRECATED_OBJC_IMPLEMENTATIONS = YES;
				CLANG_WARN_DIRECT_OBJC_ISA_USAGE = YES_ERROR;
				CLANG_WARN_DOCUMENTATION_COMMENTS = YES;
				CLANG_WARN_EMPTY_BODY = YES;
				CLANG_WARN_ENUM_CONVERSION = YES;
				CLANG_WARN_INFINITE_RECURSION = YES;
				CLANG_WARN_INT_CONVERSION = YES;
				CLANG_WARN_NON_LITERAL_NULL_CONVERSION = YES;
				CLANG_WARN_OBJC_IMPLICIT_RETAIN_SELF = YES;
				CLANG_WARN_OBJC_LITERAL_CONVERSION = YES;
				CLANG_WARN_OBJC_ROOT_CLASS = YES_ERROR;
				CLANG_WARN_QUOTED_INCLUDE_IN_FRAMEWORK_HEADER = YES;
				CLANG_WARN_RANGE_LOOP_ANALYSIS = YES;
				CLANG_WARN_STRICT_PROTOTYPES = YES;
				CLANG_WARN_SUSPICIOUS_MOVE = YES;
				CLANG_WARN_UNGUARDED_AVAILABILITY = YES_AGGRESSIVE;
				CLANG_WARN_UNREACHABLE_CODE = YES;
				CLANG_WARN__DUPLICATE_METHOD_MATCH = YES;
				COPY_PHASE_STRIP = NO;
				DEBUG_INFORMATION_FORMAT = "dwarf-with-dsym";
				ENABLE_NS_ASSERTIONS = NO;
				ENABLE_STRICT_OBJC_MSGSEND = YES;
				ENABLE_USER_SCRIPT_SANDBOXING = YES;
				GCC_C_LANGUAGE_STANDARD = gnu17;
				GCC_NO_COMMON_BLOCKS = YES;
				GCC_WARN_64_TO_32_BIT_CONVERSION = YES;
				GCC_WARN_ABOUT_RETURN_TYPE = YES_ERROR;
				GCC_WARN_UNDECLARED_SELECTOR = YES;
				GCC_WARN_UNINITIALIZED_AUTOS = YES_AGGRESSIVE;
				GCC_WARN_UNUSED_FUNCTION = YES;
				GCC_WARN_UNUSED_VARIABLE = YES;
				IPHONEOS_DEPLOYMENT_TARGET = 17.5;
				LOCALIZATION_PREFERS_STRING_CATALOGS = YES;
				MTL_ENABLE_DEBUG_INFO = NO;
				MTL_FAST_MATH = YES;
				SDKROOT = iphoneos;
				SWIFT_COMPILATION_MODE = wholemodule;
				VALIDATE_PRODUCT = YES;
			};
			name = Release;
		};
		91FDE61F2C1B3CBC00FC725D /* Debug */ = {
			isa = XCBuildConfiguration;
			buildSettings = {
				ASSETCATALOG_COMPILER_APPICON_NAME = AppIcon;
				ASSETCATALOG_COMPILER_GLOBAL_ACCENT_COLOR_NAME = AccentColor;
				CODE_SIGN_STYLE = Automatic;
				CURRENT_PROJECT_VERSION = 1;
				DEVELOPMENT_ASSET_PATHS = "\"MapFinder/Preview Content\"";
				DEVELOPMENT_TEAM = 82A5792UM7;
				ENABLE_PREVIEWS = YES;
				GENERATE_INFOPLIST_FILE = YES;
				INFOPLIST_FILE = MapFinder/Info.plist;
				INFOPLIST_KEY_NSLocationWhenInUseUsageDescription = "";
				INFOPLIST_KEY_UIApplicationSceneManifest_Generation = YES;
				INFOPLIST_KEY_UIApplicationSupportsIndirectInputEvents = YES;
				INFOPLIST_KEY_UILaunchScreen_Generation = YES;
				INFOPLIST_KEY_UISupportedInterfaceOrientations_iPad = "UIInterfaceOrientationPortrait UIInterfaceOrientationPortraitUpsideDown UIInterfaceOrientationLandscapeLeft UIInterfaceOrientationLandscapeRight";
				INFOPLIST_KEY_UISupportedInterfaceOrientations_iPhone = "UIInterfaceOrientationPortrait UIInterfaceOrientationLandscapeLeft UIInterfaceOrientationLandscapeRight";
				LD_RUNPATH_SEARCH_PATHS = (
					"$(inherited)",
					"@executable_path/Frameworks",
				);
				MARKETING_VERSION = 1.0;
				PRODUCT_BUNDLE_IDENTIFIER = com.fiveflames.MapFinder;
				PRODUCT_NAME = "$(TARGET_NAME)";
				SWIFT_EMIT_LOC_STRINGS = YES;
				SWIFT_VERSION = 5.0;
				TARGETED_DEVICE_FAMILY = "1,2";
			};
			name = Debug;
		};
		91FDE6202C1B3CBC00FC725D /* Release */ = {
			isa = XCBuildConfiguration;
			buildSettings = {
				ASSETCATALOG_COMPILER_APPICON_NAME = AppIcon;
				ASSETCATALOG_COMPILER_GLOBAL_ACCENT_COLOR_NAME = AccentColor;
				CODE_SIGN_STYLE = Automatic;
				CURRENT_PROJECT_VERSION = 1;
				DEVELOPMENT_ASSET_PATHS = "\"MapFinder/Preview Content\"";
				DEVELOPMENT_TEAM = 82A5792UM7;
				ENABLE_PREVIEWS = YES;
				GENERATE_INFOPLIST_FILE = YES;
				INFOPLIST_FILE = MapFinder/Info.plist;
				INFOPLIST_KEY_NSLocationWhenInUseUsageDescription = "";
				INFOPLIST_KEY_UIApplicationSceneManifest_Generation = YES;
				INFOPLIST_KEY_UIApplicationSupportsIndirectInputEvents = YES;
				INFOPLIST_KEY_UILaunchScreen_Generation = YES;
				INFOPLIST_KEY_UISupportedInterfaceOrientations_iPad = "UIInterfaceOrientationPortrait UIInterfaceOrientationPortraitUpsideDown UIInterfaceOrientationLandscapeLeft UIInterfaceOrientationLandscapeRight";
				INFOPLIST_KEY_UISupportedInterfaceOrientations_iPhone = "UIInterfaceOrientationPortrait UIInterfaceOrientationLandscapeLeft UIInterfaceOrientationLandscapeRight";
				LD_RUNPATH_SEARCH_PATHS = (
					"$(inherited)",
					"@executable_path/Frameworks",
				);
				MARKETING_VERSION = 1.0;
				PRODUCT_BUNDLE_IDENTIFIER = com.fiveflames.MapFinder;
				PRODUCT_NAME = "$(TARGET_NAME)";
				SWIFT_EMIT_LOC_STRINGS = YES;
				SWIFT_VERSION = 5.0;
				TARGETED_DEVICE_FAMILY = "1,2";
			};
			name = Release;
		};
/* End XCBuildConfiguration section */

/* Begin XCConfigurationList section */
		91FDE60B2C1B3CBB00FC725D /* Build configuration list for PBXProject "MapFinder" */ = {
			isa = XCConfigurationList;
			buildConfigurations = (
				91FDE61C2C1B3CBC00FC725D /* Debug */,
				91FDE61D2C1B3CBC00FC725D /* Release */,
			);
			defaultConfigurationIsVisible = 0;
			defaultConfigurationName = Release;
		};
		91FDE61E2C1B3CBC00FC725D /* Build configuration list for PBXNativeTarget "MapFinder" */ = {
			isa = XCConfigurationList;
			buildConfigurations = (
				91FDE61F2C1B3CBC00FC725D /* Debug */,
				91FDE6202C1B3CBC00FC725D /* Release */,
			);
			defaultConfigurationIsVisible = 0;
			defaultConfigurationName = Release;
		};
/* End XCConfigurationList section */

/* Begin XCRemoteSwiftPackageReference section */
		91E02B632C20179600968775 /* XCRemoteSwiftPackageReference "lottie-spm" */ = {
			isa = XCRemoteSwiftPackageReference;
			repositoryURL = "https://github.com/airbnb/lottie-spm.git";
			requirement = {
				kind = upToNextMajorVersion;
				minimumVersion = 4.4.3;
			};
		};
		91E02B6C2C201F5300968775 /* XCRemoteSwiftPackageReference "sdk" */ = {
			isa = XCRemoteSwiftPackageReference;
			repositoryURL = "https://github.com/open-meteo/sdk.git";
			requirement = {
				branch = main;
				kind = branch;
			};
		};
/* End XCRemoteSwiftPackageReference section */

/* Begin XCSwiftPackageProductDependency section */
		91E02B642C20179600968775 /* Lottie */ = {
			isa = XCSwiftPackageProductDependency;
			package = 91E02B632C20179600968775 /* XCRemoteSwiftPackageReference "lottie-spm" */;
			productName = Lottie;
		};
		91E02B6D2C201F5300968775 /* OpenMeteoSdk */ = {
			isa = XCSwiftPackageProductDependency;
			package = 91E02B6C2C201F5300968775 /* XCRemoteSwiftPackageReference "sdk" */;
			productName = OpenMeteoSdk;
		};
/* End XCSwiftPackageProductDependency section */
	};
	rootObject = 91FDE6082C1B3CBB00FC725D /* Project object */;
}
