// !$*UTF8*$!
{
	archiveVersion = 1;
	classes = {
	};
	objectVersion = 56;
	objects = {

/* Begin PBXBuildFile section */
		91C805682C1F5CED000C9CF9 /* SafeArea.swift in Sources */ = {isa = PBXBuildFile; fileRef = 91C805672C1F5CED000C9CF9 /* SafeArea.swift */; };
		91C8056A2C1F61D4000C9CF9 /* Place.swift in Sources */ = {isa = PBXBuildFile; fileRef = 91C805692C1F61D4000C9CF9 /* Place.swift */; };
		91C8056C2C1F8B1D000C9CF9 /* UserDefaults+Utils.swift in Sources */ = {isa = PBXBuildFile; fileRef = 91C8056B2C1F8B1D000C9CF9 /* UserDefaults+Utils.swift */; };
		91C8056E2C1F9662000C9CF9 /* FavoritesView.swift in Sources */ = {isa = PBXBuildFile; fileRef = 91C8056D2C1F9662000C9CF9 /* FavoritesView.swift */; };
		91D4E1522C1C596500B975CA /* PointOfInterest.swift in Sources */ = {isa = PBXBuildFile; fileRef = 91D4E1512C1C596500B975CA /* PointOfInterest.swift */; };
		91D4E1542C1C6AF900B975CA /* Publishers+Utils.swift in Sources */ = {isa = PBXBuildFile; fileRef = 91D4E1532C1C6AF900B975CA /* Publishers+Utils.swift */; };
		91FDE6142C1B3CBB00FC725D /* MapFinderApp.swift in Sources */ = {isa = PBXBuildFile; fileRef = 91FDE6132C1B3CBB00FC725D /* MapFinderApp.swift */; };
		91FDE6162C1B3CBB00FC725D /* ContentView.swift in Sources */ = {isa = PBXBuildFile; fileRef = 91FDE6152C1B3CBB00FC725D /* ContentView.swift */; };
		91FDE6182C1B3CBC00FC725D /* Assets.xcassets in Resources */ = {isa = PBXBuildFile; fileRef = 91FDE6172C1B3CBC00FC725D /* Assets.xcassets */; };
		91FDE61B2C1B3CBC00FC725D /* Preview Assets.xcassets in Resources */ = {isa = PBXBuildFile; fileRef = 91FDE61A2C1B3CBC00FC725D /* Preview Assets.xcassets */; };
		91FDE6232C1B3E0F00FC725D /* LocationManager.swift in Sources */ = {isa = PBXBuildFile; fileRef = 91FDE6222C1B3E0F00FC725D /* LocationManager.swift */; };
		91FDE6272C1B440500FC725D /* MapView.swift in Sources */ = {isa = PBXBuildFile; fileRef = 91FDE6262C1B440500FC725D /* MapView.swift */; };
		91FDE62C2C1B579800FC725D /* SearchRowView.swift in Sources */ = {isa = PBXBuildFile; fileRef = 91FDE62B2C1B579800FC725D /* SearchRowView.swift */; };
		91FDE62F2C1B581900FC725D /* CLPlacemark+Utils.swift in Sources */ = {isa = PBXBuildFile; fileRef = 91FDE62E2C1B581900FC725D /* CLPlacemark+Utils.swift */; };
/* End PBXBuildFile section */

/* Begin PBXFileReference section */
		91C805672C1F5CED000C9CF9 /* SafeArea.swift */ = {isa = PBXFileReference; lastKnownFileType = sourcecode.swift; path = SafeArea.swift; sourceTree = "<group>"; };
		91C805692C1F61D4000C9CF9 /* Place.swift */ = {isa = PBXFileReference; lastKnownFileType = sourcecode.swift; path = Place.swift; sourceTree = "<group>"; };
		91C8056B2C1F8B1D000C9CF9 /* UserDefaults+Utils.swift */ = {isa = PBXFileReference; lastKnownFileType = sourcecode.swift; path = "UserDefaults+Utils.swift"; sourceTree = "<group>"; };
		91C8056D2C1F9662000C9CF9 /* FavoritesView.swift */ = {isa = PBXFileReference; lastKnownFileType = sourcecode.swift; path = FavoritesView.swift; sourceTree = "<group>"; };
		91D4E1512C1C596500B975CA /* PointOfInterest.swift */ = {isa = PBXFileReference; lastKnownFileType = sourcecode.swift; path = PointOfInterest.swift; sourceTree = "<group>"; };
		91D4E1532C1C6AF900B975CA /* Publishers+Utils.swift */ = {isa = PBXFileReference; lastKnownFileType = sourcecode.swift; path = "Publishers+Utils.swift"; sourceTree = "<group>"; };
		91FDE6102C1B3CBB00FC725D /* MapFinder.app */ = {isa = PBXFileReference; explicitFileType = wrapper.application; includeInIndex = 0; path = MapFinder.app; sourceTree = BUILT_PRODUCTS_DIR; };
		91FDE6132C1B3CBB00FC725D /* MapFinderApp.swift */ = {isa = PBXFileReference; lastKnownFileType = sourcecode.swift; path = MapFinderApp.swift; sourceTree = "<group>"; };
		91FDE6152C1B3CBB00FC725D /* ContentView.swift */ = {isa = PBXFileReference; lastKnownFileType = sourcecode.swift; path = ContentView.swift; sourceTree = "<group>"; };
		91FDE6172C1B3CBC00FC725D /* Assets.xcassets */ = {isa = PBXFileReference; lastKnownFileType = folder.assetcatalog; path = Assets.xcassets; sourceTree = "<group>"; };
		91FDE61A2C1B3CBC00FC725D /* Preview Assets.xcassets */ = {isa = PBXFileReference; lastKnownFileType = folder.assetcatalog; path = "Preview Assets.xcassets"; sourceTree = "<group>"; };
		91FDE6222C1B3E0F00FC725D /* LocationManager.swift */ = {isa = PBXFileReference; lastKnownFileType = sourcecode.swift; path = LocationManager.swift; sourceTree = "<group>"; };
		91FDE6242C1B3EC600FC725D /* Info.plist */ = {isa = PBXFileReference; lastKnownFileType = text.plist; path = Info.plist; sourceTree = "<group>"; };
		91FDE6262C1B440500FC725D /* MapView.swift */ = {isa = PBXFileReference; lastKnownFileType = sourcecode.swift; path = MapView.swift; sourceTree = "<group>"; };
		91FDE62B2C1B579800FC725D /* SearchRowView.swift */ = {isa = PBXFileReference; lastKnownFileType = sourcecode.swift; path = SearchRowView.swift; sourceTree = "<group>"; };
		91FDE62E2C1B581900FC725D /* CLPlacemark+Utils.swift */ = {isa = PBXFileReference; lastKnownFileType = sourcecode.swift; path = "CLPlacemark+Utils.swift"; sourceTree = "<group>"; };
/* End PBXFileReference section */

/* Begin PBXFrameworksBuildPhase section */
		91FDE60D2C1B3CBB00FC725D /* Frameworks */ = {
			isa = PBXFrameworksBuildPhase;
			buildActionMask = 2147483647;
			files = (
			);
			runOnlyForDeploymentPostprocessing = 0;
		};
/* End PBXFrameworksBuildPhase section */

/* Begin PBXGroup section */
		91C805662C1F5CE2000C9CF9 /* Utils */ = {
			isa = PBXGroup;
			children = (
				91C805672C1F5CED000C9CF9 /* SafeArea.swift */,
			);
			path = Utils;
			sourceTree = "<group>";
		};
		91D4E1502C1C595C00B975CA /* Model */ = {
			isa = PBXGroup;
			children = (
				91D4E1512C1C596500B975CA /* PointOfInterest.swift */,
				91C805692C1F61D4000C9CF9 /* Place.swift */,
			);
			path = Model;
			sourceTree = "<group>";
		};
		91FDE6072C1B3CBB00FC725D = {
			isa = PBXGroup;
			children = (
				91FDE6122C1B3CBB00FC725D /* MapFinder */,
				91FDE6112C1B3CBB00FC725D /* Products */,
			);
			sourceTree = "<group>";
		};
		91FDE6112C1B3CBB00FC725D /* Products */ = {
			isa = PBXGroup;
			children = (
				91FDE6102C1B3CBB00FC725D /* MapFinder.app */,
			);
			name = Products;
			sourceTree = "<group>";
		};
		91FDE6122C1B3CBB00FC725D /* MapFinder */ = {
			isa = PBXGroup;
			children = (
				91C805662C1F5CE2000C9CF9 /* Utils */,
				91D4E1502C1C595C00B975CA /* Model */,
				91FDE62D2C1B580600FC725D /* Extensions */,
				91FDE6282C1B45CA00FC725D /* Screens */,
				91FDE6252C1B43FA00FC725D /* MapView */,
				91FDE6242C1B3EC600FC725D /* Info.plist */,
				91FDE6212C1B3E0000FC725D /* Viewmodel */,
				91FDE6132C1B3CBB00FC725D /* MapFinderApp.swift */,
				91FDE6152C1B3CBB00FC725D /* ContentView.swift */,
				91FDE6172C1B3CBC00FC725D /* Assets.xcassets */,
				91FDE6192C1B3CBC00FC725D /* Preview Content */,
			);
			path = MapFinder;
			sourceTree = "<group>";
		};
		91FDE6192C1B3CBC00FC725D /* Preview Content */ = {
			isa = PBXGroup;
			children = (
				91FDE61A2C1B3CBC00FC725D /* Preview Assets.xcassets */,
			);
			path = "Preview Content";
			sourceTree = "<group>";
		};
		91FDE6212C1B3E0000FC725D /* Viewmodel */ = {
			isa = PBXGroup;
			children = (
				91FDE6222C1B3E0F00FC725D /* LocationManager.swift */,
			);
			path = Viewmodel;
			sourceTree = "<group>";
		};
		91FDE6252C1B43FA00FC725D /* MapView */ = {
			isa = PBXGroup;
			children = (
				91FDE6262C1B440500FC725D /* MapView.swift */,
			);
			path = MapView;
			sourceTree = "<group>";
		};
		91FDE6282C1B45CA00FC725D /* Screens */ = {
			isa = PBXGroup;
			children = (
				91FDE62B2C1B579800FC725D /* SearchRowView.swift */,
				91C8056D2C1F9662000C9CF9 /* FavoritesView.swift */,
			);
			path = Screens;
			sourceTree = "<group>";
		};
		91FDE62D2C1B580600FC725D /* Extensions */ = {
			isa = PBXGroup;
			children = (
				91FDE62E2C1B581900FC725D /* CLPlacemark+Utils.swift */,
				91D4E1532C1C6AF900B975CA /* Publishers+Utils.swift */,
				91C8056B2C1F8B1D000C9CF9 /* UserDefaults+Utils.swift */,
			);
			path = Extensions;
			sourceTree = "<group>";
		};
/* End PBXGroup section */

/* Begin PBXNativeTarget section */
		91FDE60F2C1B3CBB00FC725D /* MapFinder */ = {
			isa = PBXNativeTarget;
			buildConfigurationList = 91FDE61E2C1B3CBC00FC725D /* Build configuration list for PBXNativeTarget "MapFinder" */;
			buildPhases = (
				91FDE60C2C1B3CBB00FC725D /* Sources */,
				91FDE60D2C1B3CBB00FC725D /* Frameworks */,
				91FDE60E2C1B3CBB00FC725D /* Resources */,
			);
			buildRules = (
			);
			dependencies = (
			);
			name = MapFinder;
			productName = MapFinder;
			productReference = 91FDE6102C1B3CBB00FC725D /* MapFinder.app */;
			productType = "com.apple.product-type.application";
		};
/* End PBXNativeTarget section */

/* Begin PBXProject section */
		91FDE6082C1B3CBB00FC725D /* Project object */ = {
			isa = PBXProject;
			attributes = {
				BuildIndependentTargetsInParallel = 1;
				LastSwiftUpdateCheck = 1540;
				LastUpgradeCheck = 1540;
				TargetAttributes = {
					91FDE60F2C1B3CBB00FC725D = {
						CreatedOnToolsVersion = 15.4;
					};
				};
			};
			buildConfigurationList = 91FDE60B2C1B3CBB00FC725D /* Build configuration list for PBXProject "MapFinder" */;
			compatibilityVersion = "Xcode 14.0";
			developmentRegion = en;
			hasScannedForEncodings = 0;
			knownRegions = (
				en,
				Base,
			);
			mainGroup = 91FDE6072C1B3CBB00FC725D;
			productRefGroup = 91FDE6112C1B3CBB00FC725D /* Products */;
			projectDirPath = "";
			projectRoot = "";
			targets = (
				91FDE60F2C1B3CBB00FC725D /* MapFinder */,
			);
		};
/* End PBXProject section */

/* Begin PBXResourcesBuildPhase section */
		91FDE60E2C1B3CBB00FC725D /* Resources */ = {
			isa = PBXResourcesBuildPhase;
			buildActionMask = 2147483647;
			files = (
				91FDE61B2C1B3CBC00FC725D /* Preview Assets.xcassets in Resources */,
				91FDE6182C1B3CBC00FC725D /* Assets.xcassets in Resources */,
			);
			runOnlyForDeploymentPostprocessing = 0;
		};
/* End PBXResourcesBuildPhase section */

/* Begin PBXSourcesBuildPhase section */
		91FDE60C2C1B3CBB00FC725D /* Sources */ = {
			isa = PBXSourcesBuildPhase;
			buildActionMask = 2147483647;
			files = (
				91D4E1522C1C596500B975CA /* PointOfInterest.swift in Sources */,
				91FDE6162C1B3CBB00FC725D /* ContentView.swift in Sources */,
				91FDE6272C1B440500FC725D /* MapView.swift in Sources */,
				91FDE6142C1B3CBB00FC725D /* MapFinderApp.swift in Sources */,
				91C8056C2C1F8B1D000C9CF9 /* UserDefaults+Utils.swift in Sources */,
				91FDE6232C1B3E0F00FC725D /* LocationManager.swift in Sources */,
				91FDE62F2C1B581900FC725D /* CLPlacemark+Utils.swift in Sources */,
				91D4E1542C1C6AF900B975CA /* Publishers+Utils.swift in Sources */,
				91C8056E2C1F9662000C9CF9 /* FavoritesView.swift in Sources */,
				91C805682C1F5CED000C9CF9 /* SafeArea.swift in Sources */,
				91FDE62C2C1B579800FC725D /* SearchRowView.swift in Sources */,
				91C8056A2C1F61D4000C9CF9 /* Place.swift in Sources */,
			);
			runOnlyForDeploymentPostprocessing = 0;
		};
/* End PBXSourcesBuildPhase section */

/* Begin XCBuildConfiguration section */
		91FDE61C2C1B3CBC00FC725D /* Debug */ = {
			isa = XCBuildConfiguration;
			buildSettings = {
				ALWAYS_SEARCH_USER_PATHS = NO;
				ASSETCATALOG_COMPILER_GENERATE_SWIFT_ASSET_SYMBOL_EXTENSIONS = YES;
				CLANG_ANALYZER_NONNULL = YES;
				CLANG_ANALYZER_NUMBER_OBJECT_CONVERSION = YES_AGGRESSIVE;
				CLANG_CXX_LANGUAGE_STANDARD = "gnu++20";
				CLANG_ENABLE_MODULES = YES;
				CLANG_ENABLE_OBJC_ARC = YES;
				CLANG_ENABLE_OBJC_WEAK = YES;
				CLANG_WARN_BLOCK_CAPTURE_AUTORELEASING = YES;
				CLANG_WARN_BOOL_CONVERSION = YES;
				CLANG_WARN_COMMA = YES;
				CLANG_WARN_CONSTANT_CONVERSION = YES;
				CLANG_WARN_DEPRECATED_OBJC_IMPLEMENTATIONS = YES;
				CLANG_WARN_DIRECT_OBJC_ISA_USAGE = YES_ERROR;
				CLANG_WARN_DOCUMENTATION_COMMENTS = YES;
				CLANG_WARN_EMPTY_BODY = YES;
				CLANG_WARN_ENUM_CONVERSION = YES;
				CLANG_WARN_INFINITE_RECURSION = YES;
				CLANG_WARN_INT_CONVERSION = YES;
				CLANG_WARN_NON_LITERAL_NULL_CONVERSION = YES;
				CLANG_WARN_OBJC_IMPLICIT_RETAIN_SELF = YES;
				CLANG_WARN_OBJC_LITERAL_CONVERSION = YES;
				CLANG_WARN_OBJC_ROOT_CLASS = YES_ERROR;
				CLANG_WARN_QUOTED_INCLUDE_IN_FRAMEWORK_HEADER = YES;
				CLANG_WARN_RANGE_LOOP_ANALYSIS = YES;
				CLANG_WARN_STRICT_PROTOTYPES = YES;
				CLANG_WARN_SUSPICIOUS_MOVE = YES;
				CLANG_WARN_UNGUARDED_AVAILABILITY = YES_AGGRESSIVE;
				CLANG_WARN_UNREACHABLE_CODE = YES;
				CLANG_WARN__DUPLICATE_METHOD_MATCH = YES;
				COPY_PHASE_STRIP = NO;
				DEBUG_INFORMATION_FORMAT = dwarf;
				ENABLE_STRICT_OBJC_MSGSEND = YES;
				ENABLE_TESTABILITY = YES;
				ENABLE_USER_SCRIPT_SANDBOXING = YES;
				GCC_C_LANGUAGE_STANDARD = gnu17;
				GCC_DYNAMIC_NO_PIC = NO;
				GCC_NO_COMMON_BLOCKS = YES;
				GCC_OPTIMIZATION_LEVEL = 0;
				GCC_PREPROCESSOR_DEFINITIONS = (
					"DEBUG=1",
					"$(inherited)",
				);
				GCC_WARN_64_TO_32_BIT_CONVERSION = YES;
				GCC_WARN_ABOUT_RETURN_TYPE = YES_ERROR;
				GCC_WARN_UNDECLARED_SELECTOR = YES;
				GCC_WARN_UNINITIALIZED_AUTOS = YES_AGGRESSIVE;
				GCC_WARN_UNUSED_FUNCTION = YES;
				GCC_WARN_UNUSED_VARIABLE = YES;
				IPHONEOS_DEPLOYMENT_TARGET = 17.5;
				LOCALIZATION_PREFERS_STRING_CATALOGS = YES;
				MTL_ENABLE_DEBUG_INFO = INCLUDE_SOURCE;
				MTL_FAST_MATH = YES;
				ONLY_ACTIVE_ARCH = YES;
				SDKROOT = iphoneos;
				SWIFT_ACTIVE_COMPILATION_CONDITIONS = "DEBUG $(inherited)";
				SWIFT_OPTIMIZATION_LEVEL = "-Onone";
			};
			name = Debug;
		};
		91FDE61D2C1B3CBC00FC725D /* Release */ = {
			isa = XCBuildConfiguration;
			buildSettings = {
				ALWAYS_SEARCH_USER_PATHS = NO;
				ASSETCATALOG_COMPILER_GENERATE_SWIFT_ASSET_SYMBOL_EXTENSIONS = YES;
				CLANG_ANALYZER_NONNULL = YES;
				CLANG_ANALYZER_NUMBER_OBJECT_CONVERSION = YES_AGGRESSIVE;
				CLANG_CXX_LANGUAGE_STANDARD = "gnu++20";
				CLANG_ENABLE_MODULES = YES;
				CLANG_ENABLE_OBJC_ARC = YES;
				CLANG_ENABLE_OBJC_WEAK = YES;
				CLANG_WARN_BLOCK_CAPTURE_AUTORELEASING = YES;
				CLANG_WARN_BOOL_CONVERSION = YES;
				CLANG_WARN_COMMA = YES;
				CLANG_WARN_CONSTANT_CONVERSION = YES;
				CLANG_WARN_DEPRECATED_OBJC_IMPLEMENTATIONS = YES;
				CLANG_WARN_DIRECT_OBJC_ISA_USAGE = YES_ERROR;
				CLANG_WARN_DOCUMENTATION_COMMENTS = YES;
				CLANG_WARN_EMPTY_BODY = YES;
				CLANG_WARN_ENUM_CONVERSION = YES;
				CLANG_WARN_INFINITE_RECURSION = YES;
				CLANG_WARN_INT_CONVERSION = YES;
				CLANG_WARN_NON_LITERAL_NULL_CONVERSION = YES;
				CLANG_WARN_OBJC_IMPLICIT_RETAIN_SELF = YES;
				CLANG_WARN_OBJC_LITERAL_CONVERSION = YES;
				CLANG_WARN_OBJC_ROOT_CLASS = YES_ERROR;
				CLANG_WARN_QUOTED_INCLUDE_IN_FRAMEWORK_HEADER = YES;
				CLANG_WARN_RANGE_LOOP_ANALYSIS = YES;
				CLANG_WARN_STRICT_PROTOTYPES = YES;
				CLANG_WARN_SUSPICIOUS_MOVE = YES;
				CLANG_WARN_UNGUARDED_AVAILABILITY = YES_AGGRESSIVE;
				CLANG_WARN_UNREACHABLE_CODE = YES;
				CLANG_WARN__DUPLICATE_METHOD_MATCH = YES;
				COPY_PHASE_STRIP = NO;
				DEBUG_INFORMATION_FORMAT = "dwarf-with-dsym";
				ENABLE_NS_ASSERTIONS = NO;
				ENABLE_STRICT_OBJC_MSGSEND = YES;
				ENABLE_USER_SCRIPT_SANDBOXING = YES;
				GCC_C_LANGUAGE_STANDARD = gnu17;
				GCC_NO_COMMON_BLOCKS = YES;
				GCC_WARN_64_TO_32_BIT_CONVERSION = YES;
				GCC_WARN_ABOUT_RETURN_TYPE = YES_ERROR;
				GCC_WARN_UNDECLARED_SELECTOR = YES;
				GCC_WARN_UNINITIALIZED_AUTOS = YES_AGGRESSIVE;
				GCC_WARN_UNUSED_FUNCTION = YES;
				GCC_WARN_UNUSED_VARIABLE = YES;
				IPHONEOS_DEPLOYMENT_TARGET = 17.5;
				LOCALIZATION_PREFERS_STRING_CATALOGS = YES;
				MTL_ENABLE_DEBUG_INFO = NO;
				MTL_FAST_MATH = YES;
				SDKROOT = iphoneos;
				SWIFT_COMPILATION_MODE = wholemodule;
				VALIDATE_PRODUCT = YES;
			};
			name = Release;
		};
		91FDE61F2C1B3CBC00FC725D /* Debug */ = {
			isa = XCBuildConfiguration;
			buildSettings = {
				ASSETCATALOG_COMPILER_APPICON_NAME = AppIcon;
				ASSETCATALOG_COMPILER_GLOBAL_ACCENT_COLOR_NAME = AccentColor;
				CODE_SIGN_STYLE = Automatic;
				CURRENT_PROJECT_VERSION = 1;
				DEVELOPMENT_ASSET_PATHS = "\"MapFinder/Preview Content\"";
				DEVELOPMENT_TEAM = 82A5792UM7;
				ENABLE_PREVIEWS = YES;
				GENERATE_INFOPLIST_FILE = YES;
				INFOPLIST_FILE = MapFinder/Info.plist;
				INFOPLIST_KEY_NSLocationWhenInUseUsageDescription = "";
				INFOPLIST_KEY_UIApplicationSceneManifest_Generation = YES;
				INFOPLIST_KEY_UIApplicationSupportsIndirectInputEvents = YES;
				INFOPLIST_KEY_UILaunchScreen_Generation = YES;
				INFOPLIST_KEY_UISupportedInterfaceOrientations_iPad = "UIInterfaceOrientationPortrait UIInterfaceOrientationPortraitUpsideDown UIInterfaceOrientationLandscapeLeft UIInterfaceOrientationLandscapeRight";
				INFOPLIST_KEY_UISupportedInterfaceOrientations_iPhone = "UIInterfaceOrientationPortrait UIInterfaceOrientationLandscapeLeft UIInterfaceOrientationLandscapeRight";
				LD_RUNPATH_SEARCH_PATHS = (
					"$(inherited)",
					"@executable_path/Frameworks",
				);
				MARKETING_VERSION = 1.0;
				PRODUCT_BUNDLE_IDENTIFIER = com.fiveflames.MapFinder;
				PRODUCT_NAME = "$(TARGET_NAME)";
				SWIFT_EMIT_LOC_STRINGS = YES;
				SWIFT_VERSION = 5.0;
				TARGETED_DEVICE_FAMILY = "1,2";
			};
			name = Debug;
		};
		91FDE6202C1B3CBC00FC725D /* Release */ = {
			isa = XCBuildConfiguration;
			buildSettings = {
				ASSETCATALOG_COMPILER_APPICON_NAME = AppIcon;
				ASSETCATALOG_COMPILER_GLOBAL_ACCENT_COLOR_NAME = AccentColor;
				CODE_SIGN_STYLE = Automatic;
				CURRENT_PROJECT_VERSION = 1;
				DEVELOPMENT_ASSET_PATHS = "\"MapFinder/Preview Content\"";
				DEVELOPMENT_TEAM = 82A5792UM7;
				ENABLE_PREVIEWS = YES;
				GENERATE_INFOPLIST_FILE = YES;
				INFOPLIST_FILE = MapFinder/Info.plist;
				INFOPLIST_KEY_NSLocationWhenInUseUsageDescription = "";
				INFOPLIST_KEY_UIApplicationSceneManifest_Generation = YES;
				INFOPLIST_KEY_UIApplicationSupportsIndirectInputEvents = YES;
				INFOPLIST_KEY_UILaunchScreen_Generation = YES;
				INFOPLIST_KEY_UISupportedInterfaceOrientations_iPad = "UIInterfaceOrientationPortrait UIInterfaceOrientationPortraitUpsideDown UIInterfaceOrientationLandscapeLeft UIInterfaceOrientationLandscapeRight";
				INFOPLIST_KEY_UISupportedInterfaceOrientations_iPhone = "UIInterfaceOrientationPortrait UIInterfaceOrientationLandscapeLeft UIInterfaceOrientationLandscapeRight";
				LD_RUNPATH_SEARCH_PATHS = (
					"$(inherited)",
					"@executable_path/Frameworks",
				);
				MARKETING_VERSION = 1.0;
				PRODUCT_BUNDLE_IDENTIFIER = com.fiveflames.MapFinder;
				PRODUCT_NAME = "$(TARGET_NAME)";
				SWIFT_EMIT_LOC_STRINGS = YES;
				SWIFT_VERSION = 5.0;
				TARGETED_DEVICE_FAMILY = "1,2";
			};
			name = Release;
		};
/* End XCBuildConfiguration section */

/* Begin XCConfigurationList section */
		91FDE60B2C1B3CBB00FC725D /* Build configuration list for PBXProject "MapFinder" */ = {
			isa = XCConfigurationList;
			buildConfigurations = (
				91FDE61C2C1B3CBC00FC725D /* Debug */,
				91FDE61D2C1B3CBC00FC725D /* Release */,
			);
			defaultConfigurationIsVisible = 0;
			defaultConfigurationName = Release;
		};
		91FDE61E2C1B3CBC00FC725D /* Build configuration list for PBXNativeTarget "MapFinder" */ = {
			isa = XCConfigurationList;
			buildConfigurations = (
				91FDE61F2C1B3CBC00FC725D /* Debug */,
				91FDE6202C1B3CBC00FC725D /* Release */,
			);
			defaultConfigurationIsVisible = 0;
			defaultConfigurationName = Release;
		};
/* End XCConfigurationList section */
	};
	rootObject = 91FDE6082C1B3CBB00FC725D /* Project object */;
}
